// !$*UTF8*$!
{
	archiveVersion = 1;
	classes = {
	};
	objectVersion = 56;
	objects = {

/* Begin PBXBuildFile section */
		DB08C07B2A55672000559536 /* spotify_appApp.swift in Sources */ = {isa = PBXBuildFile; fileRef = DB08C07A2A55672000559536 /* spotify_appApp.swift */; };
		DB08C07D2A55672000559536 /* spotify_appDocument.swift in Sources */ = {isa = PBXBuildFile; fileRef = DB08C07C2A55672000559536 /* spotify_appDocument.swift */; };
		DB08C07F2A55672000559536 /* ContentView.swift in Sources */ = {isa = PBXBuildFile; fileRef = DB08C07E2A55672000559536 /* ContentView.swift */; };
		DB08C0812A55672200559536 /* Assets.xcassets in Resources */ = {isa = PBXBuildFile; fileRef = DB08C0802A55672200559536 /* Assets.xcassets */; };
		DB08C0862A55672200559536 /* Preview Assets.xcassets in Resources */ = {isa = PBXBuildFile; fileRef = DB08C0852A55672200559536 /* Preview Assets.xcassets */; };
		DB08C0902A55672300559536 /* spotify_appTests.swift in Sources */ = {isa = PBXBuildFile; fileRef = DB08C08F2A55672300559536 /* spotify_appTests.swift */; };
		DB08C09A2A55672300559536 /* spotify_appUITests.swift in Sources */ = {isa = PBXBuildFile; fileRef = DB08C0992A55672300559536 /* spotify_appUITests.swift */; };
		DB08C09C2A55672300559536 /* spotify_appUITestsLaunchTests.swift in Sources */ = {isa = PBXBuildFile; fileRef = DB08C09B2A55672300559536 /* spotify_appUITestsLaunchTests.swift */; };
/* End PBXBuildFile section */

/* Begin PBXContainerItemProxy section */
		DB08C08C2A55672300559536 /* PBXContainerItemProxy */ = {
			isa = PBXContainerItemProxy;
			containerPortal = DB08C06F2A55672000559536 /* Project object */;
			proxyType = 1;
			remoteGlobalIDString = DB08C0762A55672000559536;
			remoteInfo = spotify_app;
		};
		DB08C0962A55672300559536 /* PBXContainerItemProxy */ = {
			isa = PBXContainerItemProxy;
			containerPortal = DB08C06F2A55672000559536 /* Project object */;
			proxyType = 1;
			remoteGlobalIDString = DB08C0762A55672000559536;
			remoteInfo = spotify_app;
		};
/* End PBXContainerItemProxy section */

/* Begin PBXFileReference section */
		DB08C0772A55672000559536 /* spotify_app.app */ = {isa = PBXFileReference; explicitFileType = wrapper.application; includeInIndex = 0; path = spotify_app.app; sourceTree = BUILT_PRODUCTS_DIR; };
		DB08C07A2A55672000559536 /* spotify_appApp.swift */ = {isa = PBXFileReference; lastKnownFileType = sourcecode.swift; path = spotify_appApp.swift; sourceTree = "<group>"; };
		DB08C07C2A55672000559536 /* spotify_appDocument.swift */ = {isa = PBXFileReference; lastKnownFileType = sourcecode.swift; path = spotify_appDocument.swift; sourceTree = "<group>"; };
		DB08C07E2A55672000559536 /* ContentView.swift */ = {isa = PBXFileReference; lastKnownFileType = sourcecode.swift; path = ContentView.swift; sourceTree = "<group>"; };
		DB08C0802A55672200559536 /* Assets.xcassets */ = {isa = PBXFileReference; lastKnownFileType = folder.assetcatalog; path = Assets.xcassets; sourceTree = "<group>"; };
		DB08C0822A55672200559536 /* Info.plist */ = {isa = PBXFileReference; lastKnownFileType = text.plist.xml; path = Info.plist; sourceTree = "<group>"; };
		DB08C0832A55672200559536 /* spotify_app.entitlements */ = {isa = PBXFileReference; lastKnownFileType = text.plist.entitlements; path = spotify_app.entitlements; sourceTree = "<group>"; };
		DB08C0852A55672200559536 /* Preview Assets.xcassets */ = {isa = PBXFileReference; lastKnownFileType = folder.assetcatalog; path = "Preview Assets.xcassets"; sourceTree = "<group>"; };
		DB08C08B2A55672300559536 /* spotify_appTests.xctest */ = {isa = PBXFileReference; explicitFileType = wrapper.cfbundle; includeInIndex = 0; path = spotify_appTests.xctest; sourceTree = BUILT_PRODUCTS_DIR; };
		DB08C08F2A55672300559536 /* spotify_appTests.swift */ = {isa = PBXFileReference; lastKnownFileType = sourcecode.swift; path = spotify_appTests.swift; sourceTree = "<group>"; };
		DB08C0952A55672300559536 /* spotify_appUITests.xctest */ = {isa = PBXFileReference; explicitFileType = wrapper.cfbundle; includeInIndex = 0; path = spotify_appUITests.xctest; sourceTree = BUILT_PRODUCTS_DIR; };
		DB08C0992A55672300559536 /* spotify_appUITests.swift */ = {isa = PBXFileReference; lastKnownFileType = sourcecode.swift; path = spotify_appUITests.swift; sourceTree = "<group>"; };
		DB08C09B2A55672300559536 /* spotify_appUITestsLaunchTests.swift */ = {isa = PBXFileReference; lastKnownFileType = sourcecode.swift; path = spotify_appUITestsLaunchTests.swift; sourceTree = "<group>"; };
/* End PBXFileReference section */

/* Begin PBXFrameworksBuildPhase section */
		DB08C0742A55672000559536 /* Frameworks */ = {
			isa = PBXFrameworksBuildPhase;
			buildActionMask = 2147483647;
			files = (
			);
			runOnlyForDeploymentPostprocessing = 0;
		};
		DB08C0882A55672300559536 /* Frameworks */ = {
			isa = PBXFrameworksBuildPhase;
			buildActionMask = 2147483647;
			files = (
			);
			runOnlyForDeploymentPostprocessing = 0;
		};
		DB08C0922A55672300559536 /* Frameworks */ = {
			isa = PBXFrameworksBuildPhase;
			buildActionMask = 2147483647;
			files = (
			);
			runOnlyForDeploymentPostprocessing = 0;
		};
/* End PBXFrameworksBuildPhase section */

/* Begin PBXGroup section */
		DB08C06E2A55672000559536 = {
			isa = PBXGroup;
			children = (
				DB08C0792A55672000559536 /* spotify_app */,
				DB08C08E2A55672300559536 /* spotify_appTests */,
				DB08C0982A55672300559536 /* spotify_appUITests */,
				DB08C0782A55672000559536 /* Products */,
			);
			sourceTree = "<group>";
		};
		DB08C0782A55672000559536 /* Products */ = {
			isa = PBXGroup;
			children = (
				DB08C0772A55672000559536 /* spotify_app.app */,
				DB08C08B2A55672300559536 /* spotify_appTests.xctest */,
				DB08C0952A55672300559536 /* spotify_appUITests.xctest */,
			);
			name = Products;
			sourceTree = "<group>";
		};
		DB08C0792A55672000559536 /* spotify_app */ = {
			isa = PBXGroup;
			children = (
				DB08C07A2A55672000559536 /* spotify_appApp.swift */,
				DB08C07C2A55672000559536 /* spotify_appDocument.swift */,
				DB08C07E2A55672000559536 /* ContentView.swift */,
				DB08C0802A55672200559536 /* Assets.xcassets */,
				DB08C0822A55672200559536 /* Info.plist */,
				DB08C0832A55672200559536 /* spotify_app.entitlements */,
				DB08C0842A55672200559536 /* Preview Content */,
			);
			path = spotify_app;
			sourceTree = "<group>";
		};
		DB08C0842A55672200559536 /* Preview Content */ = {
			isa = PBXGroup;
			children = (
				DB08C0852A55672200559536 /* Preview Assets.xcassets */,
			);
			path = "Preview Content";
			sourceTree = "<group>";
		};
		DB08C08E2A55672300559536 /* spotify_appTests */ = {
			isa = PBXGroup;
			children = (
				DB08C08F2A55672300559536 /* spotify_appTests.swift */,
			);
			path = spotify_appTests;
			sourceTree = "<group>";
		};
		DB08C0982A55672300559536 /* spotify_appUITests */ = {
			isa = PBXGroup;
			children = (
				DB08C0992A55672300559536 /* spotify_appUITests.swift */,
				DB08C09B2A55672300559536 /* spotify_appUITestsLaunchTests.swift */,
			);
			path = spotify_appUITests;
			sourceTree = "<group>";
		};
/* End PBXGroup section */

/* Begin PBXNativeTarget section */
		DB08C0762A55672000559536 /* spotify_app */ = {
			isa = PBXNativeTarget;
			buildConfigurationList = DB08C09F2A55672300559536 /* Build configuration list for PBXNativeTarget "spotify_app" */;
			buildPhases = (
				DB08C0732A55672000559536 /* Sources */,
				DB08C0742A55672000559536 /* Frameworks */,
				DB08C0752A55672000559536 /* Resources */,
			);
			buildRules = (
			);
			dependencies = (
			);
			name = spotify_app;
			productName = spotify_app;
			productReference = DB08C0772A55672000559536 /* spotify_app.app */;
			productType = "com.apple.product-type.application";
		};
		DB08C08A2A55672300559536 /* spotify_appTests */ = {
			isa = PBXNativeTarget;
			buildConfigurationList = DB08C0A22A55672300559536 /* Build configuration list for PBXNativeTarget "spotify_appTests" */;
			buildPhases = (
				DB08C0872A55672300559536 /* Sources */,
				DB08C0882A55672300559536 /* Frameworks */,
				DB08C0892A55672300559536 /* Resources */,
			);
			buildRules = (
			);
			dependencies = (
				DB08C08D2A55672300559536 /* PBXTargetDependency */,
			);
			name = spotify_appTests;
			productName = spotify_appTests;
			productReference = DB08C08B2A55672300559536 /* spotify_appTests.xctest */;
			productType = "com.apple.product-type.bundle.unit-test";
		};
		DB08C0942A55672300559536 /* spotify_appUITests */ = {
			isa = PBXNativeTarget;
			buildConfigurationList = DB08C0A52A55672300559536 /* Build configuration list for PBXNativeTarget "spotify_appUITests" */;
			buildPhases = (
				DB08C0912A55672300559536 /* Sources */,
				DB08C0922A55672300559536 /* Frameworks */,
				DB08C0932A55672300559536 /* Resources */,
			);
			buildRules = (
			);
			dependencies = (
				DB08C0972A55672300559536 /* PBXTargetDependency */,
			);
			name = spotify_appUITests;
			productName = spotify_appUITests;
			productReference = DB08C0952A55672300559536 /* spotify_appUITests.xctest */;
			productType = "com.apple.product-type.bundle.ui-testing";
		};
/* End PBXNativeTarget section */

/* Begin PBXProject section */
		DB08C06F2A55672000559536 /* Project object */ = {
			isa = PBXProject;
			attributes = {
				BuildIndependentTargetsInParallel = 1;
				LastSwiftUpdateCheck = 1430;
				LastUpgradeCheck = 1430;
				TargetAttributes = {
					DB08C0762A55672000559536 = {
						CreatedOnToolsVersion = 14.3;
					};
					DB08C08A2A55672300559536 = {
						CreatedOnToolsVersion = 14.3;
						TestTargetID = DB08C0762A55672000559536;
					};
					DB08C0942A55672300559536 = {
						CreatedOnToolsVersion = 14.3;
						TestTargetID = DB08C0762A55672000559536;
					};
				};
			};
			buildConfigurationList = DB08C0722A55672000559536 /* Build configuration list for PBXProject "spotify_app" */;
			compatibilityVersion = "Xcode 14.0";
			developmentRegion = en;
			hasScannedForEncodings = 0;
			knownRegions = (
				en,
				Base,
			);
			mainGroup = DB08C06E2A55672000559536;
			productRefGroup = DB08C0782A55672000559536 /* Products */;
			projectDirPath = "";
			projectRoot = "";
			targets = (
				DB08C0762A55672000559536 /* spotify_app */,
				DB08C08A2A55672300559536 /* spotify_appTests */,
				DB08C0942A55672300559536 /* spotify_appUITests */,
			);
		};
/* End PBXProject section */

/* Begin PBXResourcesBuildPhase section */
		DB08C0752A55672000559536 /* Resources */ = {
			isa = PBXResourcesBuildPhase;
			buildActionMask = 2147483647;
			files = (
				DB08C0862A55672200559536 /* Preview Assets.xcassets in Resources */,
				DB08C0812A55672200559536 /* Assets.xcassets in Resources */,
			);
			runOnlyForDeploymentPostprocessing = 0;
		};
		DB08C0892A55672300559536 /* Resources */ = {
			isa = PBXResourcesBuildPhase;
			buildActionMask = 2147483647;
			files = (
			);
			runOnlyForDeploymentPostprocessing = 0;
		};
		DB08C0932A55672300559536 /* Resources */ = {
			isa = PBXResourcesBuildPhase;
			buildActionMask = 2147483647;
			files = (
			);
			runOnlyForDeploymentPostprocessing = 0;
		};
/* End PBXResourcesBuildPhase section */

/* Begin PBXSourcesBuildPhase section */
		DB08C0732A55672000559536 /* Sources */ = {
			isa = PBXSourcesBuildPhase;
			buildActionMask = 2147483647;
			files = (
				DB08C07B2A55672000559536 /* spotify_appApp.swift in Sources */,
				DB08C07D2A55672000559536 /* spotify_appDocument.swift in Sources */,
				DB08C07F2A55672000559536 /* ContentView.swift in Sources */,
			);
			runOnlyForDeploymentPostprocessing = 0;
		};
		DB08C0872A55672300559536 /* Sources */ = {
			isa = PBXSourcesBuildPhase;
			buildActionMask = 2147483647;
			files = (
				DB08C0902A55672300559536 /* spotify_appTests.swift in Sources */,
			);
			runOnlyForDeploymentPostprocessing = 0;
		};
		DB08C0912A55672300559536 /* Sources */ = {
			isa = PBXSourcesBuildPhase;
			buildActionMask = 2147483647;
			files = (
				DB08C09A2A55672300559536 /* spotify_appUITests.swift in Sources */,
				DB08C09C2A55672300559536 /* spotify_appUITestsLaunchTests.swift in Sources */,
			);
			runOnlyForDeploymentPostprocessing = 0;
		};
/* End PBXSourcesBuildPhase section */

/* Begin PBXTargetDependency section */
		DB08C08D2A55672300559536 /* PBXTargetDependency */ = {
			isa = PBXTargetDependency;
			target = DB08C0762A55672000559536 /* spotify_app */;
			targetProxy = DB08C08C2A55672300559536 /* PBXContainerItemProxy */;
		};
		DB08C0972A55672300559536 /* PBXTargetDependency */ = {
			isa = PBXTargetDependency;
			target = DB08C0762A55672000559536 /* spotify_app */;
			targetProxy = DB08C0962A55672300559536 /* PBXContainerItemProxy */;
		};
/* End PBXTargetDependency section */

/* Begin XCBuildConfiguration section */
		DB08C09D2A55672300559536 /* Debug */ = {
			isa = XCBuildConfiguration;
			buildSettings = {
				ALWAYS_SEARCH_USER_PATHS = NO;
				CLANG_ANALYZER_NONNULL = YES;
				CLANG_ANALYZER_NUMBER_OBJECT_CONVERSION = YES_AGGRESSIVE;
				CLANG_CXX_LANGUAGE_STANDARD = "gnu++20";
				CLANG_ENABLE_MODULES = YES;
				CLANG_ENABLE_OBJC_ARC = YES;
				CLANG_ENABLE_OBJC_WEAK = YES;
				CLANG_WARN_BLOCK_CAPTURE_AUTORELEASING = YES;
				CLANG_WARN_BOOL_CONVERSION = YES;
				CLANG_WARN_COMMA = YES;
				CLANG_WARN_CONSTANT_CONVERSION = YES;
				CLANG_WARN_DEPRECATED_OBJC_IMPLEMENTATIONS = YES;
				CLANG_WARN_DIRECT_OBJC_ISA_USAGE = YES_ERROR;
				CLANG_WARN_DOCUMENTATION_COMMENTS = YES;
				CLANG_WARN_EMPTY_BODY = YES;
				CLANG_WARN_ENUM_CONVERSION = YES;
				CLANG_WARN_INFINITE_RECURSION = YES;
				CLANG_WARN_INT_CONVERSION = YES;
				CLANG_WARN_NON_LITERAL_NULL_CONVERSION = YES;
				CLANG_WARN_OBJC_IMPLICIT_RETAIN_SELF = YES;
				CLANG_WARN_OBJC_LITERAL_CONVERSION = YES;
				CLANG_WARN_OBJC_ROOT_CLASS = YES_ERROR;
				CLANG_WARN_QUOTED_INCLUDE_IN_FRAMEWORK_HEADER = YES;
				CLANG_WARN_RANGE_LOOP_ANALYSIS = YES;
				CLANG_WARN_STRICT_PROTOTYPES = YES;
				CLANG_WARN_SUSPICIOUS_MOVE = YES;
				CLANG_WARN_UNGUARDED_AVAILABILITY = YES_AGGRESSIVE;
				CLANG_WARN_UNREACHABLE_CODE = YES;
				CLANG_WARN__DUPLICATE_METHOD_MATCH = YES;
				COPY_PHASE_STRIP = NO;
				DEBUG_INFORMATION_FORMAT = dwarf;
				ENABLE_STRICT_OBJC_MSGSEND = YES;
				ENABLE_TESTABILITY = YES;
				GCC_C_LANGUAGE_STANDARD = gnu11;
				GCC_DYNAMIC_NO_PIC = NO;
				GCC_NO_COMMON_BLOCKS = YES;
				GCC_OPTIMIZATION_LEVEL = 0;
				GCC_PREPROCESSOR_DEFINITIONS = (
					"DEBUG=1",
					"$(inherited)",
				);
				GCC_WARN_64_TO_32_BIT_CONVERSION = YES;
				GCC_WARN_ABOUT_RETURN_TYPE = YES_ERROR;
				GCC_WARN_UNDECLARED_SELECTOR = YES;
				GCC_WARN_UNINITIALIZED_AUTOS = YES_AGGRESSIVE;
				GCC_WARN_UNUSED_FUNCTION = YES;
				GCC_WARN_UNUSED_VARIABLE = YES;
				MTL_ENABLE_DEBUG_INFO = INCLUDE_SOURCE;
				MTL_FAST_MATH = YES;
				ONLY_ACTIVE_ARCH = YES;
				SWIFT_ACTIVE_COMPILATION_CONDITIONS = DEBUG;
				SWIFT_OPTIMIZATION_LEVEL = "-Onone";
			};
			name = Debug;
		};
		DB08C09E2A55672300559536 /* Release */ = {
			isa = XCBuildConfiguration;
			buildSettings = {
				ALWAYS_SEARCH_USER_PATHS = NO;
				CLANG_ANALYZER_NONNULL = YES;
				CLANG_ANALYZER_NUMBER_OBJECT_CONVERSION = YES_AGGRESSIVE;
				CLANG_CXX_LANGUAGE_STANDARD = "gnu++20";
				CLANG_ENABLE_MODULES = YES;
				CLANG_ENABLE_OBJC_ARC = YES;
				CLANG_ENABLE_OBJC_WEAK = YES;
				CLANG_WARN_BLOCK_CAPTURE_AUTORELEASING = YES;
				CLANG_WARN_BOOL_CONVERSION = YES;
				CLANG_WARN_COMMA = YES;
				CLANG_WARN_CONSTANT_CONVERSION = YES;
				CLANG_WARN_DEPRECATED_OBJC_IMPLEMENTATIONS = YES;
				CLANG_WARN_DIRECT_OBJC_ISA_USAGE = YES_ERROR;
				CLANG_WARN_DOCUMENTATION_COMMENTS = YES;
				CLANG_WARN_EMPTY_BODY = YES;
				CLANG_WARN_ENUM_CONVERSION = YES;
				CLANG_WARN_INFINITE_RECURSION = YES;
				CLANG_WARN_INT_CONVERSION = YES;
				CLANG_WARN_NON_LITERAL_NULL_CONVERSION = YES;
				CLANG_WARN_OBJC_IMPLICIT_RETAIN_SELF = YES;
				CLANG_WARN_OBJC_LITERAL_CONVERSION = YES;
				CLANG_WARN_OBJC_ROOT_CLASS = YES_ERROR;
				CLANG_WARN_QUOTED_INCLUDE_IN_FRAMEWORK_HEADER = YES;
				CLANG_WARN_RANGE_LOOP_ANALYSIS = YES;
				CLANG_WARN_STRICT_PROTOTYPES = YES;
				CLANG_WARN_SUSPICIOUS_MOVE = YES;
				CLANG_WARN_UNGUARDED_AVAILABILITY = YES_AGGRESSIVE;
				CLANG_WARN_UNREACHABLE_CODE = YES;
				CLANG_WARN__DUPLICATE_METHOD_MATCH = YES;
				COPY_PHASE_STRIP = NO;
				DEBUG_INFORMATION_FORMAT = "dwarf-with-dsym";
				ENABLE_NS_ASSERTIONS = NO;
				ENABLE_STRICT_OBJC_MSGSEND = YES;
				GCC_C_LANGUAGE_STANDARD = gnu11;
				GCC_NO_COMMON_BLOCKS = YES;
				GCC_WARN_64_TO_32_BIT_CONVERSION = YES;
				GCC_WARN_ABOUT_RETURN_TYPE = YES_ERROR;
				GCC_WARN_UNDECLARED_SELECTOR = YES;
				GCC_WARN_UNINITIALIZED_AUTOS = YES_AGGRESSIVE;
				GCC_WARN_UNUSED_FUNCTION = YES;
				GCC_WARN_UNUSED_VARIABLE = YES;
				MTL_ENABLE_DEBUG_INFO = NO;
				MTL_FAST_MATH = YES;
				SWIFT_COMPILATION_MODE = wholemodule;
				SWIFT_OPTIMIZATION_LEVEL = "-O";
			};
			name = Release;
		};
		DB08C0A02A55672300559536 /* Debug */ = {
			isa = XCBuildConfiguration;
			buildSettings = {
				ASSETCATALOG_COMPILER_APPICON_NAME = AppIcon;
				ASSETCATALOG_COMPILER_GLOBAL_ACCENT_COLOR_NAME = AccentColor;
				CODE_SIGN_ENTITLEMENTS = spotify_app/spotify_app.entitlements;
				CODE_SIGN_STYLE = Automatic;
				CURRENT_PROJECT_VERSION = 1;
				DEVELOPMENT_ASSET_PATHS = "\"spotify_app/Preview Content\"";
				ENABLE_PREVIEWS = YES;
				GENERATE_INFOPLIST_FILE = YES;
				INFOPLIST_FILE = spotify_app/Info.plist;
				"INFOPLIST_KEY_UIApplicationSceneManifest_Generation[sdk=iphoneos*]" = YES;
				"INFOPLIST_KEY_UIApplicationSceneManifest_Generation[sdk=iphonesimulator*]" = YES;
				"INFOPLIST_KEY_UIApplicationSupportsIndirectInputEvents[sdk=iphoneos*]" = YES;
				"INFOPLIST_KEY_UIApplicationSupportsIndirectInputEvents[sdk=iphonesimulator*]" = YES;
				"INFOPLIST_KEY_UILaunchScreen_Generation[sdk=iphoneos*]" = YES;
				"INFOPLIST_KEY_UILaunchScreen_Generation[sdk=iphonesimulator*]" = YES;
				"INFOPLIST_KEY_UIStatusBarStyle[sdk=iphoneos*]" = UIStatusBarStyleDefault;
				"INFOPLIST_KEY_UIStatusBarStyle[sdk=iphonesimulator*]" = UIStatusBarStyleDefault;
				INFOPLIST_KEY_UISupportedInterfaceOrientations_iPad = "UIInterfaceOrientationPortrait UIInterfaceOrientationPortraitUpsideDown UIInterfaceOrientationLandscapeLeft UIInterfaceOrientationLandscapeRight";
				INFOPLIST_KEY_UISupportedInterfaceOrientations_iPhone = "UIInterfaceOrientationPortrait UIInterfaceOrientationLandscapeLeft UIInterfaceOrientationLandscapeRight";
				"INFOPLIST_KEY_UISupportsDocumentBrowser[sdk=iphoneos*]" = YES;
				"INFOPLIST_KEY_UISupportsDocumentBrowser[sdk=iphonesimulator*]" = YES;
				IPHONEOS_DEPLOYMENT_TARGET = 16.4;
				LD_RUNPATH_SEARCH_PATHS = "@executable_path/Frameworks";
				"LD_RUNPATH_SEARCH_PATHS[sdk=macosx*]" = "@executable_path/../Frameworks";
				MACOSX_DEPLOYMENT_TARGET = 13.3;
				MARKETING_VERSION = 1.0;
				PRODUCT_BUNDLE_IDENTIFIER = "kaan.spotify-app";
				PRODUCT_NAME = "$(TARGET_NAME)";
				SDKROOT = auto;
				SUPPORTED_PLATFORMS = "iphoneos iphonesimulator macosx";
				SWIFT_EMIT_LOC_STRINGS = YES;
				SWIFT_VERSION = 5.0;
				TARGETED_DEVICE_FAMILY = "1,2";
			};
			name = Debug;
		};
		DB08C0A12A55672300559536 /* Release */ = {
			isa = XCBuildConfiguration;
			buildSettings = {
				ASSETCATALOG_COMPILER_APPICON_NAME = AppIcon;
				ASSETCATALOG_COMPILER_GLOBAL_ACCENT_COLOR_NAME = AccentColor;
				CODE_SIGN_ENTITLEMENTS = spotify_app/spotify_app.entitlements;
				CODE_SIGN_STYLE = Automatic;
				CURRENT_PROJECT_VERSION = 1;
				DEVELOPMENT_ASSET_PATHS = "\"spotify_app/Preview Content\"";
				ENABLE_PREVIEWS = YES;
				GENERATE_INFOPLIST_FILE = YES;
				INFOPLIST_FILE = spotify_app/Info.plist;
				"INFOPLIST_KEY_UIApplicationSceneManifest_Generation[sdk=iphoneos*]" = YES;
				"INFOPLIST_KEY_UIApplicationSceneManifest_Generation[sdk=iphonesimulator*]" = YES;
				"INFOPLIST_KEY_UIApplicationSupportsIndirectInputEvents[sdk=iphoneos*]" = YES;
				"INFOPLIST_KEY_UIApplicationSupportsIndirectInputEvents[sdk=iphonesimulator*]" = YES;
				"INFOPLIST_KEY_UILaunchScreen_Generation[sdk=iphoneos*]" = YES;
				"INFOPLIST_KEY_UILaunchScreen_Generation[sdk=iphonesimulator*]" = YES;
				"INFOPLIST_KEY_UIStatusBarStyle[sdk=iphoneos*]" = UIStatusBarStyleDefault;
				"INFOPLIST_KEY_UIStatusBarStyle[sdk=iphonesimulator*]" = UIStatusBarStyleDefault;
				INFOPLIST_KEY_UISupportedInterfaceOrientations_iPad = "UIInterfaceOrientationPortrait UIInterfaceOrientationPortraitUpsideDown UIInterfaceOrientationLandscapeLeft UIInterfaceOrientationLandscapeRight";
				INFOPLIST_KEY_UISupportedInterfaceOrientations_iPhone = "UIInterfaceOrientationPortrait UIInterfaceOrientationLandscapeLeft UIInterfaceOrientationLandscapeRight";
				"INFOPLIST_KEY_UISupportsDocumentBrowser[sdk=iphoneos*]" = YES;
				"INFOPLIST_KEY_UISupportsDocumentBrowser[sdk=iphonesimulator*]" = YES;
				IPHONEOS_DEPLOYMENT_TARGET = 16.4;
				LD_RUNPATH_SEARCH_PATHS = "@executable_path/Frameworks";
				"LD_RUNPATH_SEARCH_PATHS[sdk=macosx*]" = "@executable_path/../Frameworks";
				MACOSX_DEPLOYMENT_TARGET = 13.3;
				MARKETING_VERSION = 1.0;
				PRODUCT_BUNDLE_IDENTIFIER = "kaan.spotify-app";
				PRODUCT_NAME = "$(TARGET_NAME)";
				SDKROOT = auto;
				SUPPORTED_PLATFORMS = "iphoneos iphonesimulator macosx";
				SWIFT_EMIT_LOC_STRINGS = YES;
				SWIFT_VERSION = 5.0;
				TARGETED_DEVICE_FAMILY = "1,2";
			};
			name = Release;
		};
		DB08C0A32A55672300559536 /* Debug */ = {
			isa = XCBuildConfiguration;
			buildSettings = {
				ALWAYS_EMBED_SWIFT_STANDARD_LIBRARIES = YES;
				BUNDLE_LOADER = "$(TEST_HOST)";
				CODE_SIGN_STYLE = Automatic;
				CURRENT_PROJECT_VERSION = 1;
				GENERATE_INFOPLIST_FILE = YES;
				IPHONEOS_DEPLOYMENT_TARGET = 16.4;
				MACOSX_DEPLOYMENT_TARGET = 13.3;
				MARKETING_VERSION = 1.0;
				PRODUCT_BUNDLE_IDENTIFIER = "kaan.spotify-appTests";
				PRODUCT_NAME = "$(TARGET_NAME)";
				SDKROOT = auto;
				SUPPORTED_PLATFORMS = "iphoneos iphonesimulator macosx";
				SWIFT_EMIT_LOC_STRINGS = NO;
				SWIFT_VERSION = 5.0;
				TARGETED_DEVICE_FAMILY = "1,2";
				TEST_HOST = "$(BUILT_PRODUCTS_DIR)/spotify_app.app/$(BUNDLE_EXECUTABLE_FOLDER_PATH)/spotify_app";
			};
			name = Debug;
		};
		DB08C0A42A55672300559536 /* Release */ = {
			isa = XCBuildConfiguration;
			buildSettings = {
				ALWAYS_EMBED_SWIFT_STANDARD_LIBRARIES = YES;
				BUNDLE_LOADER = "$(TEST_HOST)";
				CODE_SIGN_STYLE = Automatic;
				CURRENT_PROJECT_VERSION = 1;
				GENERATE_INFOPLIST_FILE = YES;
				IPHONEOS_DEPLOYMENT_TARGET = 16.4;
				MACOSX_DEPLOYMENT_TARGET = 13.3;
				MARKETING_VERSION = 1.0;
				PRODUCT_BUNDLE_IDENTIFIER = "kaan.spotify-appTests";
				PRODUCT_NAME = "$(TARGET_NAME)";
				SDKROOT = auto;
				SUPPORTED_PLATFORMS = "iphoneos iphonesimulator macosx";
				SWIFT_EMIT_LOC_STRINGS = NO;
				SWIFT_VERSION = 5.0;
				TARGETED_DEVICE_FAMILY = "1,2";
				TEST_HOST = "$(BUILT_PRODUCTS_DIR)/spotify_app.app/$(BUNDLE_EXECUTABLE_FOLDER_PATH)/spotify_app";
			};
			name = Release;
		};
		DB08C0A62A55672300559536 /* Debug */ = {
			isa = XCBuildConfiguration;
			buildSettings = {
				ALWAYS_EMBED_SWIFT_STANDARD_LIBRARIES = YES;
				CODE_SIGN_STYLE = Automatic;
				CURRENT_PROJECT_VERSION = 1;
				GENERATE_INFOPLIST_FILE = YES;
				IPHONEOS_DEPLOYMENT_TARGET = 16.4;
				MACOSX_DEPLOYMENT_TARGET = 13.3;
				MARKETING_VERSION = 1.0;
				PRODUCT_BUNDLE_IDENTIFIER = "kaan.spotify-appUITests";
				PRODUCT_NAME = "$(TARGET_NAME)";
				SDKROOT = auto;
				SUPPORTED_PLATFORMS = "iphoneos iphonesimulator macosx";
				SWIFT_EMIT_LOC_STRINGS = NO;
				SWIFT_VERSION = 5.0;
				TARGETED_DEVICE_FAMILY = "1,2";
				TEST_TARGET_NAME = spotify_app;
			};
			name = Debug;
		};
		DB08C0A72A55672300559536 /* Release */ = {
			isa = XCBuildConfiguration;
			buildSettings = {
				ALWAYS_EMBED_SWIFT_STANDARD_LIBRARIES = YES;
				CODE_SIGN_STYLE = Automatic;
				CURRENT_PROJECT_VERSION = 1;
				GENERATE_INFOPLIST_FILE = YES;
				IPHONEOS_DEPLOYMENT_TARGET = 16.4;
				MACOSX_DEPLOYMENT_TARGET = 13.3;
				MARKETING_VERSION = 1.0;
				PRODUCT_BUNDLE_IDENTIFIER = "kaan.spotify-appUITests";
				PRODUCT_NAME = "$(TARGET_NAME)";
				SDKROOT = auto;
				SUPPORTED_PLATFORMS = "iphoneos iphonesimulator macosx";
				SWIFT_EMIT_LOC_STRINGS = NO;
				SWIFT_VERSION = 5.0;
				TARGETED_DEVICE_FAMILY = "1,2";
				TEST_TARGET_NAME = spotify_app;
			};
			name = Release;
		};
/* End XCBuildConfiguration section */

/* Begin XCConfigurationList section */
		DB08C0722A55672000559536 /* Build configuration list for PBXProject "spotify_app" */ = {
			isa = XCConfigurationList;
			buildConfigurations = (
				DB08C09D2A55672300559536 /* Debug */,
				DB08C09E2A55672300559536 /* Release */,
			);
			defaultConfigurationIsVisible = 0;
			defaultConfigurationName = Release;
		};
		DB08C09F2A55672300559536 /* Build configuration list for PBXNativeTarget "spotify_app" */ = {
			isa = XCConfigurationList;
			buildConfigurations = (
				DB08C0A02A55672300559536 /* Debug */,
				DB08C0A12A55672300559536 /* Release */,
			);
			defaultConfigurationIsVisible = 0;
			defaultConfigurationName = Release;
		};
		DB08C0A22A55672300559536 /* Build configuration list for PBXNativeTarget "spotify_appTests" */ = {
			isa = XCConfigurationList;
			buildConfigurations = (
				DB08C0A32A55672300559536 /* Debug */,
				DB08C0A42A55672300559536 /* Release */,
			);
			defaultConfigurationIsVisible = 0;
			defaultConfigurationName = Release;
		};
		DB08C0A52A55672300559536 /* Build configuration list for PBXNativeTarget "spotify_appUITests" */ = {
			isa = XCConfigurationList;
			buildConfigurations = (
				DB08C0A62A55672300559536 /* Debug */,
				DB08C0A72A55672300559536 /* Release */,
			);
			defaultConfigurationIsVisible = 0;
			defaultConfigurationName = Release;
		};
/* End XCConfigurationList section */
	};
	rootObject = DB08C06F2A55672000559536 /* Project object */;
}
